// !$*UTF8*$!
{
	archiveVersion = 1;
	classes = {
	};
	objectVersion = 46;
	objects = {

/* Begin PBXBuildFile section */
		3435AA801C89794800ABD789 /* weathericons-regular.glyphs in Resources */ = {isa = PBXBuildFile; fileRef = 3435AA7E1C89794800ABD789 /* weathericons-regular.glyphs */; };
		3435AA811C89794800ABD789 /* weathericons-regular.glyphs in Resources */ = {isa = PBXBuildFile; fileRef = 3435AA7E1C89794800ABD789 /* weathericons-regular.glyphs */; };
		3435AA821C89794800ABD789 /* weathericons-regular.otf in Resources */ = {isa = PBXBuildFile; fileRef = 3435AA7F1C89794800ABD789 /* weathericons-regular.otf */; };
		3435AA831C89794800ABD789 /* weathericons-regular.otf in Resources */ = {isa = PBXBuildFile; fileRef = 3435AA7F1C89794800ABD789 /* weathericons-regular.otf */; };
		3435AA911C8993BB00ABD789 /* WeatherIcons.swift in Sources */ = {isa = PBXBuildFile; fileRef = 3435AA901C8993BB00ABD789 /* WeatherIcons.swift */; };
		3435AA921C8993BB00ABD789 /* WeatherIcons.swift in Sources */ = {isa = PBXBuildFile; fileRef = 3435AA901C8993BB00ABD789 /* WeatherIcons.swift */; };
		345BCB131C8D89B1005F5FB7 /* CurrentWeatherDelegate.swift in Sources */ = {isa = PBXBuildFile; fileRef = 345BCB121C8D89B1005F5FB7 /* CurrentWeatherDelegate.swift */; };
		3476752F1C89C79E000A4C6F /* CALayerExtension.swift in Sources */ = {isa = PBXBuildFile; fileRef = 3476752E1C89C79E000A4C6F /* CALayerExtension.swift */; };
		347A12991C88308A006AA4C8 /* ForecastDisplay.swift in Sources */ = {isa = PBXBuildFile; fileRef = 347A12981C88308A006AA4C8 /* ForecastDisplay.swift */; };
		34B35A951C9166F9006F6CBA /* CircleWriter.swift in Sources */ = {isa = PBXBuildFile; fileRef = 34B35A941C9166F9006F6CBA /* CircleWriter.swift */; };
		34B35A961C9166F9006F6CBA /* CircleWriter.swift in Sources */ = {isa = PBXBuildFile; fileRef = 34B35A941C9166F9006F6CBA /* CircleWriter.swift */; };
		34FF3CC81C9B7168007A433E /* NSDateExtension.swift in Sources */ = {isa = PBXBuildFile; fileRef = 34FF3CC71C9B7168007A433E /* NSDateExtension.swift */; };
		F1005AEC1C84E21700250A3C /* MainViewController.swift in Sources */ = {isa = PBXBuildFile; fileRef = F1005AEB1C84E21700250A3C /* MainViewController.swift */; };
		F1005AED1C84E21700250A3C /* MainViewController.swift in Sources */ = {isa = PBXBuildFile; fileRef = F1005AEB1C84E21700250A3C /* MainViewController.swift */; };
		F1059F771C8B369A0025EF69 /* CurrentWeatherView.swift in Sources */ = {isa = PBXBuildFile; fileRef = F1059F761C8B369A0025EF69 /* CurrentWeatherView.swift */; };
		F1059F781C8B369A0025EF69 /* CurrentWeatherView.swift in Sources */ = {isa = PBXBuildFile; fileRef = F1059F761C8B369A0025EF69 /* CurrentWeatherView.swift */; };
		F1059F7A1C8B3C180025EF69 /* ClockViewController.swift in Sources */ = {isa = PBXBuildFile; fileRef = F1059F791C8B3C180025EF69 /* ClockViewController.swift */; };
		F1059F7B1C8B3C180025EF69 /* ClockViewController.swift in Sources */ = {isa = PBXBuildFile; fileRef = F1059F791C8B3C180025EF69 /* ClockViewController.swift */; };
		F1059F7D1C8B3EF60025EF69 /* CurrentWeatherViewController.swift in Sources */ = {isa = PBXBuildFile; fileRef = F1059F7C1C8B3EF60025EF69 /* CurrentWeatherViewController.swift */; };
		F1059F7E1C8B3EF60025EF69 /* CurrentWeatherViewController.swift in Sources */ = {isa = PBXBuildFile; fileRef = F1059F7C1C8B3EF60025EF69 /* CurrentWeatherViewController.swift */; };
		F114F12C1C95539D00405C4B /* ClockFace.swift in Sources */ = {isa = PBXBuildFile; fileRef = F114F12B1C95539D00405C4B /* ClockFace.swift */; };
		F114F12D1C95539D00405C4B /* ClockFace.swift in Sources */ = {isa = PBXBuildFile; fileRef = F114F12B1C95539D00405C4B /* ClockFace.swift */; };
		F114F1321C95A82E00405C4B /* WindView.swift in Sources */ = {isa = PBXBuildFile; fileRef = F114F1311C95A82E00405C4B /* WindView.swift */; };
		F114F1331C95A82E00405C4B /* WindView.swift in Sources */ = {isa = PBXBuildFile; fileRef = F114F1311C95A82E00405C4B /* WindView.swift */; };
		F114F1351C95A92000405C4B /* WindFace.swift in Sources */ = {isa = PBXBuildFile; fileRef = F114F1341C95A92000405C4B /* WindFace.swift */; };
		F114F1361C95A92000405C4B /* WindFace.swift in Sources */ = {isa = PBXBuildFile; fileRef = F114F1341C95A92000405C4B /* WindFace.swift */; };
		F13079281C9DA49B00B51539 /* InstrumentFace.swift in Sources */ = {isa = PBXBuildFile; fileRef = F13079271C9DA49B00B51539 /* InstrumentFace.swift */; };
		F1472D281C87840E00D03DC3 /* Forecast.swift in Sources */ = {isa = PBXBuildFile; fileRef = F1472D221C87840E00D03DC3 /* Forecast.swift */; };
		F1472D291C87840E00D03DC3 /* Forecast.swift in Sources */ = {isa = PBXBuildFile; fileRef = F1472D221C87840E00D03DC3 /* Forecast.swift */; };
		F1472D2A1C87840E00D03DC3 /* OneDayForecast.swift in Sources */ = {isa = PBXBuildFile; fileRef = F1472D231C87840E00D03DC3 /* OneDayForecast.swift */; };
		F1472D2B1C87840E00D03DC3 /* OneDayForecast.swift in Sources */ = {isa = PBXBuildFile; fileRef = F1472D231C87840E00D03DC3 /* OneDayForecast.swift */; };
		F1472D2C1C87840E00D03DC3 /* OneHourForecast.swift in Sources */ = {isa = PBXBuildFile; fileRef = F1472D241C87840E00D03DC3 /* OneHourForecast.swift */; };
		F1472D2D1C87840E00D03DC3 /* OneHourForecast.swift in Sources */ = {isa = PBXBuildFile; fileRef = F1472D241C87840E00D03DC3 /* OneHourForecast.swift */; };
		F1472D2E1C87840E00D03DC3 /* OneMinuteForecast.swift in Sources */ = {isa = PBXBuildFile; fileRef = F1472D251C87840E00D03DC3 /* OneMinuteForecast.swift */; };
		F1472D2F1C87840E00D03DC3 /* OneMinuteForecast.swift in Sources */ = {isa = PBXBuildFile; fileRef = F1472D251C87840E00D03DC3 /* OneMinuteForecast.swift */; };
		F1472D301C87840E00D03DC3 /* SevenDayForecast.swift in Sources */ = {isa = PBXBuildFile; fileRef = F1472D261C87840E00D03DC3 /* SevenDayForecast.swift */; };
		F1472D311C87840E00D03DC3 /* SevenDayForecast.swift in Sources */ = {isa = PBXBuildFile; fileRef = F1472D261C87840E00D03DC3 /* SevenDayForecast.swift */; };
		F1472D321C87840E00D03DC3 /* SixtyMinuteForecast.swift in Sources */ = {isa = PBXBuildFile; fileRef = F1472D271C87840E00D03DC3 /* SixtyMinuteForecast.swift */; };
		F1472D331C87840E00D03DC3 /* SixtyMinuteForecast.swift in Sources */ = {isa = PBXBuildFile; fileRef = F1472D271C87840E00D03DC3 /* SixtyMinuteForecast.swift */; };
		F1472D361C8784E200D03DC3 /* CurrentWeather.swift in Sources */ = {isa = PBXBuildFile; fileRef = F1472D341C8784E200D03DC3 /* CurrentWeather.swift */; };
		F1472D371C8784E200D03DC3 /* CurrentWeather.swift in Sources */ = {isa = PBXBuildFile; fileRef = F1472D341C8784E200D03DC3 /* CurrentWeather.swift */; };
		F1472D381C8784E200D03DC3 /* Flags.swift in Sources */ = {isa = PBXBuildFile; fileRef = F1472D351C8784E200D03DC3 /* Flags.swift */; };
		F1472D391C8784E200D03DC3 /* Flags.swift in Sources */ = {isa = PBXBuildFile; fileRef = F1472D351C8784E200D03DC3 /* Flags.swift */; };
		F1785B291C95BE8A00013423 /* WindHand.swift in Sources */ = {isa = PBXBuildFile; fileRef = F1785B281C95BE8A00013423 /* WindHand.swift */; };
		F1785B2A1C95BE8A00013423 /* WindHand.swift in Sources */ = {isa = PBXBuildFile; fileRef = F1785B281C95BE8A00013423 /* WindHand.swift */; };
		F1785B2C1C95D9CE00013423 /* CompassHand.swift in Sources */ = {isa = PBXBuildFile; fileRef = F1785B2B1C95D9CE00013423 /* CompassHand.swift */; };
		F1785B2D1C95D9CE00013423 /* CompassHand.swift in Sources */ = {isa = PBXBuildFile; fileRef = F1785B2B1C95D9CE00013423 /* CompassHand.swift */; };
		F1B134281C84CC9700CF48AE /* AppDelegate.swift in Sources */ = {isa = PBXBuildFile; fileRef = F1B134271C84CC9700CF48AE /* AppDelegate.swift */; };
		F1B1342D1C84CC9800CF48AE /* Main.storyboard in Resources */ = {isa = PBXBuildFile; fileRef = F1B1342B1C84CC9800CF48AE /* Main.storyboard */; };
		F1B1342F1C84CC9A00CF48AE /* Assets.xcassets in Resources */ = {isa = PBXBuildFile; fileRef = F1B1342E1C84CC9A00CF48AE /* Assets.xcassets */; };
		F1B134321C84CC9A00CF48AE /* LaunchScreen.storyboard in Resources */ = {isa = PBXBuildFile; fileRef = F1B134301C84CC9A00CF48AE /* LaunchScreen.storyboard */; };
		F1B1343D1C84CC9F00CF48AE /* VOSForecastTests.swift in Sources */ = {isa = PBXBuildFile; fileRef = F1B1343C1C84CC9E00CF48AE /* VOSForecastTests.swift */; };
		F1B134491C84CEFD00CF48AE /* ForecastReceiver.swift in Sources */ = {isa = PBXBuildFile; fileRef = F1B134481C84CEFD00CF48AE /* ForecastReceiver.swift */; };
		F1B1344A1C84CEFD00CF48AE /* ForecastReceiver.swift in Sources */ = {isa = PBXBuildFile; fileRef = F1B134481C84CEFD00CF48AE /* ForecastReceiver.swift */; };
		F1BF0A211C8A24660030710A /* ClockHand.swift in Sources */ = {isa = PBXBuildFile; fileRef = F1BF0A171C8A24660030710A /* ClockHand.swift */; };
		F1BF0A221C8A24660030710A /* ClockHand.swift in Sources */ = {isa = PBXBuildFile; fileRef = F1BF0A171C8A24660030710A /* ClockHand.swift */; };
		F1BF0A231C8A24660030710A /* SecondHand.swift in Sources */ = {isa = PBXBuildFile; fileRef = F1BF0A181C8A24660030710A /* SecondHand.swift */; };
		F1BF0A241C8A24660030710A /* SecondHand.swift in Sources */ = {isa = PBXBuildFile; fileRef = F1BF0A181C8A24660030710A /* SecondHand.swift */; };
		F1BF0A251C8A24660030710A /* MinuteHand.swift in Sources */ = {isa = PBXBuildFile; fileRef = F1BF0A191C8A24660030710A /* MinuteHand.swift */; };
		F1BF0A261C8A24660030710A /* MinuteHand.swift in Sources */ = {isa = PBXBuildFile; fileRef = F1BF0A191C8A24660030710A /* MinuteHand.swift */; };
		F1BF0A271C8A24660030710A /* HourHand.swift in Sources */ = {isa = PBXBuildFile; fileRef = F1BF0A1A1C8A24660030710A /* HourHand.swift */; };
		F1BF0A281C8A24660030710A /* HourHand.swift in Sources */ = {isa = PBXBuildFile; fileRef = F1BF0A1A1C8A24660030710A /* HourHand.swift */; };
		F1BF0A291C8A24660030710A /* TickMark.swift in Sources */ = {isa = PBXBuildFile; fileRef = F1BF0A1B1C8A24660030710A /* TickMark.swift */; };
		F1BF0A2A1C8A24660030710A /* TickMark.swift in Sources */ = {isa = PBXBuildFile; fileRef = F1BF0A1B1C8A24660030710A /* TickMark.swift */; };
		F1BF0A2B1C8A24660030710A /* TickZero.swift in Sources */ = {isa = PBXBuildFile; fileRef = F1BF0A1C1C8A24660030710A /* TickZero.swift */; };
		F1BF0A2C1C8A24660030710A /* TickZero.swift in Sources */ = {isa = PBXBuildFile; fileRef = F1BF0A1C1C8A24660030710A /* TickZero.swift */; };
		F1BF0A2D1C8A24660030710A /* TickOne.swift in Sources */ = {isa = PBXBuildFile; fileRef = F1BF0A1D1C8A24660030710A /* TickOne.swift */; };
		F1BF0A2E1C8A24660030710A /* TickOne.swift in Sources */ = {isa = PBXBuildFile; fileRef = F1BF0A1D1C8A24660030710A /* TickOne.swift */; };
		F1BF0A2F1C8A24660030710A /* TickFive.swift in Sources */ = {isa = PBXBuildFile; fileRef = F1BF0A1E1C8A24660030710A /* TickFive.swift */; };
		F1BF0A301C8A24660030710A /* TickFive.swift in Sources */ = {isa = PBXBuildFile; fileRef = F1BF0A1E1C8A24660030710A /* TickFive.swift */; };
		F1BF0A311C8A24660030710A /* TickFifteen.swift in Sources */ = {isa = PBXBuildFile; fileRef = F1BF0A1F1C8A24660030710A /* TickFifteen.swift */; };
		F1BF0A321C8A24660030710A /* TickFifteen.swift in Sources */ = {isa = PBXBuildFile; fileRef = F1BF0A1F1C8A24660030710A /* TickFifteen.swift */; };
		F1BF0A331C8A24660030710A /* Hub.swift in Sources */ = {isa = PBXBuildFile; fileRef = F1BF0A201C8A24660030710A /* Hub.swift */; };
		F1BF0A341C8A24660030710A /* Hub.swift in Sources */ = {isa = PBXBuildFile; fileRef = F1BF0A201C8A24660030710A /* Hub.swift */; };
		F1BF0A3B1C8A24B10030710A /* ClockView.swift in Sources */ = {isa = PBXBuildFile; fileRef = F1BF0A371C8A24B10030710A /* ClockView.swift */; };
		F1BF0A3C1C8A24B10030710A /* ClockView.swift in Sources */ = {isa = PBXBuildFile; fileRef = F1BF0A371C8A24B10030710A /* ClockView.swift */; };
		F1BF0A3D1C8A24B10030710A /* ClockDelegate.swift in Sources */ = {isa = PBXBuildFile; fileRef = F1BF0A381C8A24B10030710A /* ClockDelegate.swift */; };
		F1BF0A3E1C8A24B10030710A /* ClockDelegate.swift in Sources */ = {isa = PBXBuildFile; fileRef = F1BF0A381C8A24B10030710A /* ClockDelegate.swift */; };
		F1BF0A4D1C8AF97D0030710A /* UserDefaultsExtension.swift in Sources */ = {isa = PBXBuildFile; fileRef = F1BF0A4C1C8AF97D0030710A /* UserDefaultsExtension.swift */; };
		F1BF0A4E1C8AF97D0030710A /* UserDefaultsExtension.swift in Sources */ = {isa = PBXBuildFile; fileRef = F1BF0A4C1C8AF97D0030710A /* UserDefaultsExtension.swift */; };
		F1D62DE21C9803D100F34EBF /* TickEight.swift in Sources */ = {isa = PBXBuildFile; fileRef = F1D62DE11C9803D100F34EBF /* TickEight.swift */; };
		F1D62DE31C9803D100F34EBF /* TickEight.swift in Sources */ = {isa = PBXBuildFile; fileRef = F1D62DE11C9803D100F34EBF /* TickEight.swift */; };
		F1D62DE51C98092800F34EBF /* Units.swift in Sources */ = {isa = PBXBuildFile; fileRef = F1D62DE41C98092800F34EBF /* Units.swift */; };
		F1D62DE61C98092800F34EBF /* Units.swift in Sources */ = {isa = PBXBuildFile; fileRef = F1D62DE41C98092800F34EBF /* Units.swift */; };
		F1D62DE81C982BBA00F34EBF /* BeaufortScale.swift in Sources */ = {isa = PBXBuildFile; fileRef = F1D62DE71C982BBA00F34EBF /* BeaufortScale.swift */; };
		F1D62DE91C982BBA00F34EBF /* BeaufortScale.swift in Sources */ = {isa = PBXBuildFile; fileRef = F1D62DE71C982BBA00F34EBF /* BeaufortScale.swift */; };
		F1D62DEB1C98367A00F34EBF /* Compass.swift in Sources */ = {isa = PBXBuildFile; fileRef = F1D62DEA1C98367A00F34EBF /* Compass.swift */; };
		F1D62DEC1C98367A00F34EBF /* Compass.swift in Sources */ = {isa = PBXBuildFile; fileRef = F1D62DEA1C98367A00F34EBF /* Compass.swift */; };
		F1D62DEE1C98764F00F34EBF /* TemperatureView.swift in Sources */ = {isa = PBXBuildFile; fileRef = F1D62DED1C98764F00F34EBF /* TemperatureView.swift */; };
		F1D62DEF1C98764F00F34EBF /* TemperatureView.swift in Sources */ = {isa = PBXBuildFile; fileRef = F1D62DED1C98764F00F34EBF /* TemperatureView.swift */; };
		F1D62DF11C98776100F34EBF /* TemperatureFace.swift in Sources */ = {isa = PBXBuildFile; fileRef = F1D62DF01C98776100F34EBF /* TemperatureFace.swift */; };
		F1D62DF21C98776100F34EBF /* TemperatureFace.swift in Sources */ = {isa = PBXBuildFile; fileRef = F1D62DF01C98776100F34EBF /* TemperatureFace.swift */; };
		F1D62DF41C9878EE00F34EBF /* WeatherFace.swift in Sources */ = {isa = PBXBuildFile; fileRef = F1D62DF31C9878EE00F34EBF /* WeatherFace.swift */; };
		F1D62DF51C9878EE00F34EBF /* WeatherFace.swift in Sources */ = {isa = PBXBuildFile; fileRef = F1D62DF31C9878EE00F34EBF /* WeatherFace.swift */; };
		F1D62DF71C98795800F34EBF /* OtherView.swift in Sources */ = {isa = PBXBuildFile; fileRef = F1D62DF61C98795800F34EBF /* OtherView.swift */; };
		F1D62DF81C98795800F34EBF /* OtherView.swift in Sources */ = {isa = PBXBuildFile; fileRef = F1D62DF61C98795800F34EBF /* OtherView.swift */; };
		F1D62DFA1C98798900F34EBF /* OtherFace.swift in Sources */ = {isa = PBXBuildFile; fileRef = F1D62DF91C98798900F34EBF /* OtherFace.swift */; };
		F1D62DFB1C98798900F34EBF /* OtherFace.swift in Sources */ = {isa = PBXBuildFile; fileRef = F1D62DF91C98798900F34EBF /* OtherFace.swift */; };
		F1FF4A231C84E84D00D22EFF /* ForecastBuilder.swift in Sources */ = {isa = PBXBuildFile; fileRef = F1FF4A221C84E84D00D22EFF /* ForecastBuilder.swift */; };
		F1FF4A241C84E84D00D22EFF /* ForecastBuilder.swift in Sources */ = {isa = PBXBuildFile; fileRef = F1FF4A221C84E84D00D22EFF /* ForecastBuilder.swift */; };
/* End PBXBuildFile section */

/* Begin PBXContainerItemProxy section */
		F1B134391C84CC9E00CF48AE /* PBXContainerItemProxy */ = {
			isa = PBXContainerItemProxy;
			containerPortal = F1B1341C1C84CC9600CF48AE /* Project object */;
			proxyType = 1;
			remoteGlobalIDString = F1B134231C84CC9600CF48AE;
			remoteInfo = VOSForecast;
		};
/* End PBXContainerItemProxy section */

/* Begin PBXFileReference section */
		3435AA7E1C89794800ABD789 /* weathericons-regular.glyphs */ = {isa = PBXFileReference; fileEncoding = 4; lastKnownFileType = text; path = "weathericons-regular.glyphs"; sourceTree = "<group>"; };
		3435AA7F1C89794800ABD789 /* weathericons-regular.otf */ = {isa = PBXFileReference; lastKnownFileType = file; path = "weathericons-regular.otf"; sourceTree = "<group>"; };
		3435AA901C8993BB00ABD789 /* WeatherIcons.swift */ = {isa = PBXFileReference; fileEncoding = 4; lastKnownFileType = sourcecode.swift; path = WeatherIcons.swift; sourceTree = "<group>"; };
		345BCB121C8D89B1005F5FB7 /* CurrentWeatherDelegate.swift */ = {isa = PBXFileReference; fileEncoding = 4; lastKnownFileType = sourcecode.swift; path = CurrentWeatherDelegate.swift; sourceTree = "<group>"; };
		3476752E1C89C79E000A4C6F /* CALayerExtension.swift */ = {isa = PBXFileReference; fileEncoding = 4; lastKnownFileType = sourcecode.swift; path = CALayerExtension.swift; sourceTree = "<group>"; };
		347A12981C88308A006AA4C8 /* ForecastDisplay.swift */ = {isa = PBXFileReference; fileEncoding = 4; lastKnownFileType = sourcecode.swift; path = ForecastDisplay.swift; sourceTree = "<group>"; };
		34B35A941C9166F9006F6CBA /* CircleWriter.swift */ = {isa = PBXFileReference; fileEncoding = 4; lastKnownFileType = sourcecode.swift; path = CircleWriter.swift; sourceTree = "<group>"; };
		34FF3CC71C9B7168007A433E /* NSDateExtension.swift */ = {isa = PBXFileReference; fileEncoding = 4; lastKnownFileType = sourcecode.swift; path = NSDateExtension.swift; sourceTree = "<group>"; };
		F1005AEB1C84E21700250A3C /* MainViewController.swift */ = {isa = PBXFileReference; fileEncoding = 4; lastKnownFileType = sourcecode.swift; path = MainViewController.swift; sourceTree = "<group>"; };
		F1059F761C8B369A0025EF69 /* CurrentWeatherView.swift */ = {isa = PBXFileReference; fileEncoding = 4; lastKnownFileType = sourcecode.swift; path = CurrentWeatherView.swift; sourceTree = "<group>"; };
		F1059F791C8B3C180025EF69 /* ClockViewController.swift */ = {isa = PBXFileReference; fileEncoding = 4; lastKnownFileType = sourcecode.swift; path = ClockViewController.swift; sourceTree = "<group>"; };
		F1059F7C1C8B3EF60025EF69 /* CurrentWeatherViewController.swift */ = {isa = PBXFileReference; fileEncoding = 4; lastKnownFileType = sourcecode.swift; path = CurrentWeatherViewController.swift; sourceTree = "<group>"; };
		F114F12B1C95539D00405C4B /* ClockFace.swift */ = {isa = PBXFileReference; fileEncoding = 4; lastKnownFileType = sourcecode.swift; path = ClockFace.swift; sourceTree = "<group>"; };
		F114F1311C95A82E00405C4B /* WindView.swift */ = {isa = PBXFileReference; fileEncoding = 4; lastKnownFileType = sourcecode.swift; path = WindView.swift; sourceTree = "<group>"; };
		F114F1341C95A92000405C4B /* WindFace.swift */ = {isa = PBXFileReference; fileEncoding = 4; lastKnownFileType = sourcecode.swift; path = WindFace.swift; sourceTree = "<group>"; };
		F13079271C9DA49B00B51539 /* InstrumentFace.swift */ = {isa = PBXFileReference; fileEncoding = 4; lastKnownFileType = sourcecode.swift; path = InstrumentFace.swift; sourceTree = "<group>"; };
		F1472D221C87840E00D03DC3 /* Forecast.swift */ = {isa = PBXFileReference; fileEncoding = 4; lastKnownFileType = sourcecode.swift; path = Forecast.swift; sourceTree = "<group>"; };
		F1472D231C87840E00D03DC3 /* OneDayForecast.swift */ = {isa = PBXFileReference; fileEncoding = 4; lastKnownFileType = sourcecode.swift; path = OneDayForecast.swift; sourceTree = "<group>"; };
		F1472D241C87840E00D03DC3 /* OneHourForecast.swift */ = {isa = PBXFileReference; fileEncoding = 4; lastKnownFileType = sourcecode.swift; path = OneHourForecast.swift; sourceTree = "<group>"; };
		F1472D251C87840E00D03DC3 /* OneMinuteForecast.swift */ = {isa = PBXFileReference; fileEncoding = 4; lastKnownFileType = sourcecode.swift; path = OneMinuteForecast.swift; sourceTree = "<group>"; };
		F1472D261C87840E00D03DC3 /* SevenDayForecast.swift */ = {isa = PBXFileReference; fileEncoding = 4; lastKnownFileType = sourcecode.swift; path = SevenDayForecast.swift; sourceTree = "<group>"; };
		F1472D271C87840E00D03DC3 /* SixtyMinuteForecast.swift */ = {isa = PBXFileReference; fileEncoding = 4; lastKnownFileType = sourcecode.swift; path = SixtyMinuteForecast.swift; sourceTree = "<group>"; };
		F1472D341C8784E200D03DC3 /* CurrentWeather.swift */ = {isa = PBXFileReference; fileEncoding = 4; lastKnownFileType = sourcecode.swift; path = CurrentWeather.swift; sourceTree = "<group>"; };
		F1472D351C8784E200D03DC3 /* Flags.swift */ = {isa = PBXFileReference; fileEncoding = 4; lastKnownFileType = sourcecode.swift; path = Flags.swift; sourceTree = "<group>"; };
		F1785B281C95BE8A00013423 /* WindHand.swift */ = {isa = PBXFileReference; fileEncoding = 4; lastKnownFileType = sourcecode.swift; path = WindHand.swift; sourceTree = "<group>"; };
		F1785B2B1C95D9CE00013423 /* CompassHand.swift */ = {isa = PBXFileReference; fileEncoding = 4; lastKnownFileType = sourcecode.swift; path = CompassHand.swift; sourceTree = "<group>"; };
		F1B134241C84CC9700CF48AE /* VOSForecast.app */ = {isa = PBXFileReference; explicitFileType = wrapper.application; includeInIndex = 0; path = VOSForecast.app; sourceTree = BUILT_PRODUCTS_DIR; };
		F1B134271C84CC9700CF48AE /* AppDelegate.swift */ = {isa = PBXFileReference; lastKnownFileType = sourcecode.swift; path = AppDelegate.swift; sourceTree = "<group>"; };
		F1B1342C1C84CC9800CF48AE /* Base */ = {isa = PBXFileReference; lastKnownFileType = file.storyboard; name = Base; path = Base.lproj/Main.storyboard; sourceTree = "<group>"; };
		F1B1342E1C84CC9A00CF48AE /* Assets.xcassets */ = {isa = PBXFileReference; lastKnownFileType = folder.assetcatalog; path = Assets.xcassets; sourceTree = "<group>"; };
		F1B134311C84CC9A00CF48AE /* Base */ = {isa = PBXFileReference; lastKnownFileType = file.storyboard; name = Base; path = Base.lproj/LaunchScreen.storyboard; sourceTree = "<group>"; };
		F1B134331C84CC9A00CF48AE /* Info.plist */ = {isa = PBXFileReference; lastKnownFileType = text.plist.xml; path = Info.plist; sourceTree = "<group>"; };
		F1B134381C84CC9E00CF48AE /* VOSForecastTests.xctest */ = {isa = PBXFileReference; explicitFileType = wrapper.cfbundle; includeInIndex = 0; path = VOSForecastTests.xctest; sourceTree = BUILT_PRODUCTS_DIR; };
		F1B1343C1C84CC9E00CF48AE /* VOSForecastTests.swift */ = {isa = PBXFileReference; lastKnownFileType = sourcecode.swift; path = VOSForecastTests.swift; sourceTree = "<group>"; };
		F1B1343E1C84CC9F00CF48AE /* Info.plist */ = {isa = PBXFileReference; lastKnownFileType = text.plist.xml; path = Info.plist; sourceTree = "<group>"; };
		F1B134481C84CEFD00CF48AE /* ForecastReceiver.swift */ = {isa = PBXFileReference; fileEncoding = 4; lastKnownFileType = sourcecode.swift; path = ForecastReceiver.swift; sourceTree = "<group>"; };
		F1BF0A171C8A24660030710A /* ClockHand.swift */ = {isa = PBXFileReference; fileEncoding = 4; lastKnownFileType = sourcecode.swift; path = ClockHand.swift; sourceTree = "<group>"; };
		F1BF0A181C8A24660030710A /* SecondHand.swift */ = {isa = PBXFileReference; fileEncoding = 4; lastKnownFileType = sourcecode.swift; path = SecondHand.swift; sourceTree = "<group>"; };
		F1BF0A191C8A24660030710A /* MinuteHand.swift */ = {isa = PBXFileReference; fileEncoding = 4; lastKnownFileType = sourcecode.swift; path = MinuteHand.swift; sourceTree = "<group>"; };
		F1BF0A1A1C8A24660030710A /* HourHand.swift */ = {isa = PBXFileReference; fileEncoding = 4; lastKnownFileType = sourcecode.swift; path = HourHand.swift; sourceTree = "<group>"; };
		F1BF0A1B1C8A24660030710A /* TickMark.swift */ = {isa = PBXFileReference; fileEncoding = 4; lastKnownFileType = sourcecode.swift; path = TickMark.swift; sourceTree = "<group>"; };
		F1BF0A1C1C8A24660030710A /* TickZero.swift */ = {isa = PBXFileReference; fileEncoding = 4; lastKnownFileType = sourcecode.swift; path = TickZero.swift; sourceTree = "<group>"; };
		F1BF0A1D1C8A24660030710A /* TickOne.swift */ = {isa = PBXFileReference; fileEncoding = 4; lastKnownFileType = sourcecode.swift; path = TickOne.swift; sourceTree = "<group>"; };
		F1BF0A1E1C8A24660030710A /* TickFive.swift */ = {isa = PBXFileReference; fileEncoding = 4; lastKnownFileType = sourcecode.swift; path = TickFive.swift; sourceTree = "<group>"; };
		F1BF0A1F1C8A24660030710A /* TickFifteen.swift */ = {isa = PBXFileReference; fileEncoding = 4; lastKnownFileType = sourcecode.swift; path = TickFifteen.swift; sourceTree = "<group>"; };
		F1BF0A201C8A24660030710A /* Hub.swift */ = {isa = PBXFileReference; fileEncoding = 4; lastKnownFileType = sourcecode.swift; path = Hub.swift; sourceTree = "<group>"; };
		F1BF0A371C8A24B10030710A /* ClockView.swift */ = {isa = PBXFileReference; fileEncoding = 4; lastKnownFileType = sourcecode.swift; path = ClockView.swift; sourceTree = "<group>"; };
		F1BF0A381C8A24B10030710A /* ClockDelegate.swift */ = {isa = PBXFileReference; fileEncoding = 4; lastKnownFileType = sourcecode.swift; path = ClockDelegate.swift; sourceTree = "<group>"; };
		F1BF0A4C1C8AF97D0030710A /* UserDefaultsExtension.swift */ = {isa = PBXFileReference; fileEncoding = 4; lastKnownFileType = sourcecode.swift; path = UserDefaultsExtension.swift; sourceTree = "<group>"; };
		F1D62DE11C9803D100F34EBF /* TickEight.swift */ = {isa = PBXFileReference; fileEncoding = 4; lastKnownFileType = sourcecode.swift; path = TickEight.swift; sourceTree = "<group>"; };
		F1D62DE41C98092800F34EBF /* Units.swift */ = {isa = PBXFileReference; fileEncoding = 4; lastKnownFileType = sourcecode.swift; path = Units.swift; sourceTree = "<group>"; };
		F1D62DE71C982BBA00F34EBF /* BeaufortScale.swift */ = {isa = PBXFileReference; fileEncoding = 4; lastKnownFileType = sourcecode.swift; path = BeaufortScale.swift; sourceTree = "<group>"; };
		F1D62DEA1C98367A00F34EBF /* Compass.swift */ = {isa = PBXFileReference; fileEncoding = 4; lastKnownFileType = sourcecode.swift; path = Compass.swift; sourceTree = "<group>"; };
		F1D62DED1C98764F00F34EBF /* TemperatureView.swift */ = {isa = PBXFileReference; fileEncoding = 4; lastKnownFileType = sourcecode.swift; path = TemperatureView.swift; sourceTree = "<group>"; };
		F1D62DF01C98776100F34EBF /* TemperatureFace.swift */ = {isa = PBXFileReference; fileEncoding = 4; lastKnownFileType = sourcecode.swift; path = TemperatureFace.swift; sourceTree = "<group>"; };
		F1D62DF31C9878EE00F34EBF /* WeatherFace.swift */ = {isa = PBXFileReference; fileEncoding = 4; lastKnownFileType = sourcecode.swift; path = WeatherFace.swift; sourceTree = "<group>"; };
		F1D62DF61C98795800F34EBF /* OtherView.swift */ = {isa = PBXFileReference; fileEncoding = 4; lastKnownFileType = sourcecode.swift; path = OtherView.swift; sourceTree = "<group>"; };
		F1D62DF91C98798900F34EBF /* OtherFace.swift */ = {isa = PBXFileReference; fileEncoding = 4; lastKnownFileType = sourcecode.swift; path = OtherFace.swift; sourceTree = "<group>"; };
		F1FF4A221C84E84D00D22EFF /* ForecastBuilder.swift */ = {isa = PBXFileReference; fileEncoding = 4; lastKnownFileType = sourcecode.swift; path = ForecastBuilder.swift; sourceTree = "<group>"; };
/* End PBXFileReference section */

/* Begin PBXFrameworksBuildPhase section */
		F1B134211C84CC9600CF48AE /* Frameworks */ = {
			isa = PBXFrameworksBuildPhase;
			buildActionMask = 2147483647;
			files = (
			);
			runOnlyForDeploymentPostprocessing = 0;
		};
		F1B134351C84CC9E00CF48AE /* Frameworks */ = {
			isa = PBXFrameworksBuildPhase;
			buildActionMask = 2147483647;
			files = (
			);
			runOnlyForDeploymentPostprocessing = 0;
		};
/* End PBXFrameworksBuildPhase section */

/* Begin PBXGroup section */
		3435AA7D1C8978F600ABD789 /* resources */ = {
			isa = PBXGroup;
			children = (
				3435AA7E1C89794800ABD789 /* weathericons-regular.glyphs */,
				3435AA7F1C89794800ABD789 /* weathericons-regular.otf */,
			);
			path = resources;
			sourceTree = "<group>";
		};
		3476752D1C89C771000A4C6F /* extensions */ = {
			isa = PBXGroup;
			children = (
				F1BF0A4C1C8AF97D0030710A /* UserDefaultsExtension.swift */,
				3476752E1C89C79E000A4C6F /* CALayerExtension.swift */,
				34FF3CC71C9B7168007A433E /* NSDateExtension.swift */,
			);
			path = extensions;
			sourceTree = "<group>";
		};
		34B35A901C9166C8006F6CBA /* utilities */ = {
			isa = PBXGroup;
			children = (
				34B35A941C9166F9006F6CBA /* CircleWriter.swift */,
				F1D62DE71C982BBA00F34EBF /* BeaufortScale.swift */,
				F1D62DEA1C98367A00F34EBF /* Compass.swift */,
			);
			path = utilities;
			sourceTree = "<group>";
		};
		F1005AEA1C84E1EB00250A3C /* viewcontrollers */ = {
			isa = PBXGroup;
			children = (
				F1005AEB1C84E21700250A3C /* MainViewController.swift */,
			);
			name = viewcontrollers;
			path = viewControllers;
			sourceTree = "<group>";
		};
		F1059F751C8B36320025EF69 /* currentWeatherView */ = {
			isa = PBXGroup;
			children = (
				F1059F761C8B369A0025EF69 /* CurrentWeatherView.swift */,
				F1059F7C1C8B3EF60025EF69 /* CurrentWeatherViewController.swift */,
				345BCB121C8D89B1005F5FB7 /* CurrentWeatherDelegate.swift */,
				F114F1311C95A82E00405C4B /* WindView.swift */,
				F114F1341C95A92000405C4B /* WindFace.swift */,
				F1D62DED1C98764F00F34EBF /* TemperatureView.swift */,
				F1D62DF01C98776100F34EBF /* TemperatureFace.swift */,
				F1D62DF31C9878EE00F34EBF /* WeatherFace.swift */,
				F1D62DF61C98795800F34EBF /* OtherView.swift */,
				F1D62DF91C98798900F34EBF /* OtherFace.swift */,
				F13079271C9DA49B00B51539 /* InstrumentFace.swift */,
			);
			path = currentWeatherView;
			sourceTree = "<group>";
		};
		F1472D211C87838300D03DC3 /* forecastModel */ = {
			isa = PBXGroup;
			children = (
				F1472D221C87840E00D03DC3 /* Forecast.swift */,
				347A12981C88308A006AA4C8 /* ForecastDisplay.swift */,
				F1472D341C8784E200D03DC3 /* CurrentWeather.swift */,
				F1472D261C87840E00D03DC3 /* SevenDayForecast.swift */,
				F1472D231C87840E00D03DC3 /* OneDayForecast.swift */,
				F1472D241C87840E00D03DC3 /* OneHourForecast.swift */,
				F1472D271C87840E00D03DC3 /* SixtyMinuteForecast.swift */,
				F1472D251C87840E00D03DC3 /* OneMinuteForecast.swift */,
				F1472D351C8784E200D03DC3 /* Flags.swift */,
				3435AA901C8993BB00ABD789 /* WeatherIcons.swift */,
				F1D62DE41C98092800F34EBF /* Units.swift */,
			);
			path = forecastModel;
			sourceTree = "<group>";
		};
		F1B1341B1C84CC9600CF48AE = {
			isa = PBXGroup;
			children = (
				F1B134261C84CC9700CF48AE /* VOSForecast */,
				F1B1343B1C84CC9E00CF48AE /* VOSForecastTests */,
				F1B134251C84CC9700CF48AE /* Products */,
			);
			sourceTree = "<group>";
		};
		F1B134251C84CC9700CF48AE /* Products */ = {
			isa = PBXGroup;
			children = (
				F1B134241C84CC9700CF48AE /* VOSForecast.app */,
				F1B134381C84CC9E00CF48AE /* VOSForecastTests.xctest */,
			);
			name = Products;
			sourceTree = "<group>";
		};
		F1B134261C84CC9700CF48AE /* VOSForecast */ = {
			isa = PBXGroup;
			children = (
				F1B134271C84CC9700CF48AE /* AppDelegate.swift */,
				F1B1342B1C84CC9800CF48AE /* Main.storyboard */,
				F1B134301C84CC9A00CF48AE /* LaunchScreen.storyboard */,
				F1B134331C84CC9A00CF48AE /* Info.plist */,
				F1BF0A351C8A24890030710A /* clockView */,
				F1BF0A161C8A243F0030710A /* clockModel */,
				F1059F751C8B36320025EF69 /* currentWeatherView */,
				F1472D211C87838300D03DC3 /* forecastModel */,
				F1005AEA1C84E1EB00250A3C /* viewcontrollers */,
				F1B134471C84CE6D00CF48AE /* comms */,
				3476752D1C89C771000A4C6F /* extensions */,
				34B35A901C9166C8006F6CBA /* utilities */,
				3435AA7D1C8978F600ABD789 /* resources */,
				F1B1342E1C84CC9A00CF48AE /* Assets.xcassets */,
			);
			path = VOSForecast;
			sourceTree = "<group>";
		};
		F1B1343B1C84CC9E00CF48AE /* VOSForecastTests */ = {
			isa = PBXGroup;
			children = (
				F1B1343C1C84CC9E00CF48AE /* VOSForecastTests.swift */,
				F1B1343E1C84CC9F00CF48AE /* Info.plist */,
			);
			path = VOSForecastTests;
			sourceTree = "<group>";
		};
		F1B134471C84CE6D00CF48AE /* comms */ = {
			isa = PBXGroup;
			children = (
				F1B134481C84CEFD00CF48AE /* ForecastReceiver.swift */,
				F1FF4A221C84E84D00D22EFF /* ForecastBuilder.swift */,
			);
			path = comms;
			sourceTree = "<group>";
		};
		F1BF0A161C8A243F0030710A /* clockModel */ = {
			isa = PBXGroup;
			children = (
				F1BF0A171C8A24660030710A /* ClockHand.swift */,
				F1BF0A181C8A24660030710A /* SecondHand.swift */,
				F1BF0A191C8A24660030710A /* MinuteHand.swift */,
				F1BF0A1A1C8A24660030710A /* HourHand.swift */,
				F1BF0A1B1C8A24660030710A /* TickMark.swift */,
				F1BF0A1C1C8A24660030710A /* TickZero.swift */,
				F1BF0A1D1C8A24660030710A /* TickOne.swift */,
				F1BF0A1E1C8A24660030710A /* TickFive.swift */,
				F1D62DE11C9803D100F34EBF /* TickEight.swift */,
				F1BF0A1F1C8A24660030710A /* TickFifteen.swift */,
				F1BF0A201C8A24660030710A /* Hub.swift */,
				F1785B281C95BE8A00013423 /* WindHand.swift */,
				F1785B2B1C95D9CE00013423 /* CompassHand.swift */,
			);
			path = clockModel;
			sourceTree = "<group>";
		};
		F1BF0A351C8A24890030710A /* clockView */ = {
			isa = PBXGroup;
			children = (
				F1BF0A371C8A24B10030710A /* ClockView.swift */,
				F1BF0A381C8A24B10030710A /* ClockDelegate.swift */,
				F1059F791C8B3C180025EF69 /* ClockViewController.swift */,
				F114F12B1C95539D00405C4B /* ClockFace.swift */,
			);
			path = clockView;
			sourceTree = "<group>";
		};
/* End PBXGroup section */

/* Begin PBXNativeTarget section */
		F1B134231C84CC9600CF48AE /* VOSForecast */ = {
			isa = PBXNativeTarget;
			buildConfigurationList = F1B134411C84CC9F00CF48AE /* Build configuration list for PBXNativeTarget "VOSForecast" */;
			buildPhases = (
				F1B134201C84CC9600CF48AE /* Sources */,
				F1B134211C84CC9600CF48AE /* Frameworks */,
				F1B134221C84CC9600CF48AE /* Resources */,
			);
			buildRules = (
			);
			dependencies = (
			);
			name = VOSForecast;
			productName = VOSForecast;
			productReference = F1B134241C84CC9700CF48AE /* VOSForecast.app */;
			productType = "com.apple.product-type.application";
		};
		F1B134371C84CC9E00CF48AE /* VOSForecastTests */ = {
			isa = PBXNativeTarget;
			buildConfigurationList = F1B134441C84CC9F00CF48AE /* Build configuration list for PBXNativeTarget "VOSForecastTests" */;
			buildPhases = (
				F1B134341C84CC9E00CF48AE /* Sources */,
				F1B134351C84CC9E00CF48AE /* Frameworks */,
				F1B134361C84CC9E00CF48AE /* Resources */,
			);
			buildRules = (
			);
			dependencies = (
				F1B1343A1C84CC9E00CF48AE /* PBXTargetDependency */,
			);
			name = VOSForecastTests;
			productName = VOSForecastTests;
			productReference = F1B134381C84CC9E00CF48AE /* VOSForecastTests.xctest */;
			productType = "com.apple.product-type.bundle.unit-test";
		};
/* End PBXNativeTarget section */

/* Begin PBXProject section */
		F1B1341C1C84CC9600CF48AE /* Project object */ = {
			isa = PBXProject;
			attributes = {
				LastSwiftUpdateCheck = 0720;
				LastUpgradeCheck = 0720;
				ORGANIZATIONNAME = "Vincent O'Sullivan";
				TargetAttributes = {
					F1B134231C84CC9600CF48AE = {
						CreatedOnToolsVersion = 7.2.1;
					};
					F1B134371C84CC9E00CF48AE = {
						CreatedOnToolsVersion = 7.2.1;
						TestTargetID = F1B134231C84CC9600CF48AE;
					};
				};
			};
			buildConfigurationList = F1B1341F1C84CC9600CF48AE /* Build configuration list for PBXProject "VOSForecast" */;
			compatibilityVersion = "Xcode 3.2";
			developmentRegion = English;
			hasScannedForEncodings = 0;
			knownRegions = (
				en,
				Base,
			);
			mainGroup = F1B1341B1C84CC9600CF48AE;
			productRefGroup = F1B134251C84CC9700CF48AE /* Products */;
			projectDirPath = "";
			projectRoot = "";
			targets = (
				F1B134231C84CC9600CF48AE /* VOSForecast */,
				F1B134371C84CC9E00CF48AE /* VOSForecastTests */,
			);
		};
/* End PBXProject section */

/* Begin PBXResourcesBuildPhase section */
		F1B134221C84CC9600CF48AE /* Resources */ = {
			isa = PBXResourcesBuildPhase;
			buildActionMask = 2147483647;
			files = (
				F1B134321C84CC9A00CF48AE /* LaunchScreen.storyboard in Resources */,
				F1B1342F1C84CC9A00CF48AE /* Assets.xcassets in Resources */,
				3435AA821C89794800ABD789 /* weathericons-regular.otf in Resources */,
				F1B1342D1C84CC9800CF48AE /* Main.storyboard in Resources */,
				3435AA801C89794800ABD789 /* weathericons-regular.glyphs in Resources */,
			);
			runOnlyForDeploymentPostprocessing = 0;
		};
		F1B134361C84CC9E00CF48AE /* Resources */ = {
			isa = PBXResourcesBuildPhase;
			buildActionMask = 2147483647;
			files = (
				3435AA831C89794800ABD789 /* weathericons-regular.otf in Resources */,
				3435AA811C89794800ABD789 /* weathericons-regular.glyphs in Resources */,
			);
			runOnlyForDeploymentPostprocessing = 0;
		};
/* End PBXResourcesBuildPhase section */

/* Begin PBXSourcesBuildPhase section */
		F1B134201C84CC9600CF48AE /* Sources */ = {
			isa = PBXSourcesBuildPhase;
			buildActionMask = 2147483647;
			files = (
				F1B134491C84CEFD00CF48AE /* ForecastReceiver.swift in Sources */,
				F1D62DF11C98776100F34EBF /* TemperatureFace.swift in Sources */,
				F1472D361C8784E200D03DC3 /* CurrentWeather.swift in Sources */,
				F1472D2E1C87840E00D03DC3 /* OneMinuteForecast.swift in Sources */,
				F1785B2C1C95D9CE00013423 /* CompassHand.swift in Sources */,
				F1059F7D1C8B3EF60025EF69 /* CurrentWeatherViewController.swift in Sources */,
				F1059F771C8B369A0025EF69 /* CurrentWeatherView.swift in Sources */,
				F1D62DF71C98795800F34EBF /* OtherView.swift in Sources */,
				345BCB131C8D89B1005F5FB7 /* CurrentWeatherDelegate.swift in Sources */,
				F1BF0A331C8A24660030710A /* Hub.swift in Sources */,
				F1472D381C8784E200D03DC3 /* Flags.swift in Sources */,
				F1472D301C87840E00D03DC3 /* SevenDayForecast.swift in Sources */,
				34FF3CC81C9B7168007A433E /* NSDateExtension.swift in Sources */,
				F1005AEC1C84E21700250A3C /* MainViewController.swift in Sources */,
				F1D62DF41C9878EE00F34EBF /* WeatherFace.swift in Sources */,
				F1059F7A1C8B3C180025EF69 /* ClockViewController.swift in Sources */,
				F1BF0A2F1C8A24660030710A /* TickFive.swift in Sources */,
				F1BF0A2D1C8A24660030710A /* TickOne.swift in Sources */,
				F1D62DEE1C98764F00F34EBF /* TemperatureView.swift in Sources */,
				F1BF0A271C8A24660030710A /* HourHand.swift in Sources */,
				F1D62DE81C982BBA00F34EBF /* BeaufortScale.swift in Sources */,
				F1BF0A231C8A24660030710A /* SecondHand.swift in Sources */,
				F1BF0A211C8A24660030710A /* ClockHand.swift in Sources */,
				F1BF0A3D1C8A24B10030710A /* ClockDelegate.swift in Sources */,
				F1BF0A3B1C8A24B10030710A /* ClockView.swift in Sources */,
				F1D62DFA1C98798900F34EBF /* OtherFace.swift in Sources */,
				F1472D2C1C87840E00D03DC3 /* OneHourForecast.swift in Sources */,
				F13079281C9DA49B00B51539 /* InstrumentFace.swift in Sources */,
				F1472D281C87840E00D03DC3 /* Forecast.swift in Sources */,
				F114F12C1C95539D00405C4B /* ClockFace.swift in Sources */,
				F1472D321C87840E00D03DC3 /* SixtyMinuteForecast.swift in Sources */,
				F1BF0A2B1C8A24660030710A /* TickZero.swift in Sources */,
				F1BF0A291C8A24660030710A /* TickMark.swift in Sources */,
				347A12991C88308A006AA4C8 /* ForecastDisplay.swift in Sources */,
				F1FF4A231C84E84D00D22EFF /* ForecastBuilder.swift in Sources */,
				F1472D2A1C87840E00D03DC3 /* OneDayForecast.swift in Sources */,
				F1B134281C84CC9700CF48AE /* AppDelegate.swift in Sources */,
				F1785B291C95BE8A00013423 /* WindHand.swift in Sources */,
				3435AA911C8993BB00ABD789 /* WeatherIcons.swift in Sources */,
				F1D62DEB1C98367A00F34EBF /* Compass.swift in Sources */,
				F1BF0A251C8A24660030710A /* MinuteHand.swift in Sources */,
				F1BF0A4D1C8AF97D0030710A /* UserDefaultsExtension.swift in Sources */,
				F1D62DE51C98092800F34EBF /* Units.swift in Sources */,
				F1BF0A311C8A24660030710A /* TickFifteen.swift in Sources */,
				34B35A951C9166F9006F6CBA /* CircleWriter.swift in Sources */,
				3476752F1C89C79E000A4C6F /* CALayerExtension.swift in Sources */,
				F114F1351C95A92000405C4B /* WindFace.swift in Sources */,
				F1D62DE21C9803D100F34EBF /* TickEight.swift in Sources */,
				F114F1321C95A82E00405C4B /* WindView.swift in Sources */,
			);
			runOnlyForDeploymentPostprocessing = 0;
		};
		F1B134341C84CC9E00CF48AE /* Sources */ = {
			isa = PBXSourcesBuildPhase;
			buildActionMask = 2147483647;
			files = (
				F114F1331C95A82E00405C4B /* WindView.swift in Sources */,
				F1BF0A2C1C8A24660030710A /* TickZero.swift in Sources */,
				F1B1344A1C84CEFD00CF48AE /* ForecastReceiver.swift in Sources */,
				F1059F7B1C8B3C180025EF69 /* ClockViewController.swift in Sources */,
				F1472D371C8784E200D03DC3 /* CurrentWeather.swift in Sources */,
				F1BF0A321C8A24660030710A /* TickFifteen.swift in Sources */,
				F1BF0A241C8A24660030710A /* SecondHand.swift in Sources */,
				F1D62DFB1C98798900F34EBF /* OtherFace.swift in Sources */,
				F1785B2D1C95D9CE00013423 /* CompassHand.swift in Sources */,
				F1BF0A261C8A24660030710A /* MinuteHand.swift in Sources */,
				F1D62DF51C9878EE00F34EBF /* WeatherFace.swift in Sources */,
				F1472D2F1C87840E00D03DC3 /* OneMinuteForecast.swift in Sources */,
				F1472D391C8784E200D03DC3 /* Flags.swift in Sources */,
				F1D62DEC1C98367A00F34EBF /* Compass.swift in Sources */,
				F1BF0A2A1C8A24660030710A /* TickMark.swift in Sources */,
				F1BF0A3E1C8A24B10030710A /* ClockDelegate.swift in Sources */,
				F1472D311C87840E00D03DC3 /* SevenDayForecast.swift in Sources */,
				F1BF0A4E1C8AF97D0030710A /* UserDefaultsExtension.swift in Sources */,
				F1059F781C8B369A0025EF69 /* CurrentWeatherView.swift in Sources */,
				F1BF0A341C8A24660030710A /* Hub.swift in Sources */,
				F1785B2A1C95BE8A00013423 /* WindHand.swift in Sources */,
				F114F12D1C95539D00405C4B /* ClockFace.swift in Sources */,
				F1D62DE61C98092800F34EBF /* Units.swift in Sources */,
				F1B1343D1C84CC9F00CF48AE /* VOSForecastTests.swift in Sources */,
				F1BF0A2E1C8A24660030710A /* TickOne.swift in Sources */,
				F1BF0A221C8A24660030710A /* ClockHand.swift in Sources */,
				F1BF0A281C8A24660030710A /* HourHand.swift in Sources */,
				F1D62DEF1C98764F00F34EBF /* TemperatureView.swift in Sources */,
				F1BF0A301C8A24660030710A /* TickFive.swift in Sources */,
				F114F1361C95A92000405C4B /* WindFace.swift in Sources */,
				F1059F7E1C8B3EF60025EF69 /* CurrentWeatherViewController.swift in Sources */,
				F1472D2D1C87840E00D03DC3 /* OneHourForecast.swift in Sources */,
				F1D62DF81C98795800F34EBF /* OtherView.swift in Sources */,
				F1D62DE91C982BBA00F34EBF /* BeaufortScale.swift in Sources */,
				F1472D291C87840E00D03DC3 /* Forecast.swift in Sources */,
				3435AA921C8993BB00ABD789 /* WeatherIcons.swift in Sources */,
				F1D62DF21C98776100F34EBF /* TemperatureFace.swift in Sources */,
				F1472D331C87840E00D03DC3 /* SixtyMinuteForecast.swift in Sources */,
				F1D62DE31C9803D100F34EBF /* TickEight.swift in Sources */,
				F1FF4A241C84E84D00D22EFF /* ForecastBuilder.swift in Sources */,
				F1005AED1C84E21700250A3C /* MainViewController.swift in Sources */,
				F1BF0A3C1C8A24B10030710A /* ClockView.swift in Sources */,
				34B35A961C9166F9006F6CBA /* CircleWriter.swift in Sources */,
				F1472D2B1C87840E00D03DC3 /* OneDayForecast.swift in Sources */,
			);
			runOnlyForDeploymentPostprocessing = 0;
		};
/* End PBXSourcesBuildPhase section */

/* Begin PBXTargetDependency section */
		F1B1343A1C84CC9E00CF48AE /* PBXTargetDependency */ = {
			isa = PBXTargetDependency;
			target = F1B134231C84CC9600CF48AE /* VOSForecast */;
			targetProxy = F1B134391C84CC9E00CF48AE /* PBXContainerItemProxy */;
		};
/* End PBXTargetDependency section */

/* Begin PBXVariantGroup section */
		F1B1342B1C84CC9800CF48AE /* Main.storyboard */ = {
			isa = PBXVariantGroup;
			children = (
				F1B1342C1C84CC9800CF48AE /* Base */,
			);
			name = Main.storyboard;
			sourceTree = "<group>";
		};
		F1B134301C84CC9A00CF48AE /* LaunchScreen.storyboard */ = {
			isa = PBXVariantGroup;
			children = (
				F1B134311C84CC9A00CF48AE /* Base */,
			);
			name = LaunchScreen.storyboard;
			sourceTree = "<group>";
		};
/* End PBXVariantGroup section */

/* Begin XCBuildConfiguration section */
		F1B1343F1C84CC9F00CF48AE /* Debug */ = {
			isa = XCBuildConfiguration;
			buildSettings = {
				ALWAYS_SEARCH_USER_PATHS = NO;
				CLANG_CXX_LANGUAGE_STANDARD = "gnu++0x";
				CLANG_CXX_LIBRARY = "libc++";
				CLANG_ENABLE_MODULES = YES;
				CLANG_ENABLE_OBJC_ARC = YES;
				CLANG_WARN_BOOL_CONVERSION = YES;
				CLANG_WARN_CONSTANT_CONVERSION = YES;
				CLANG_WARN_DIRECT_OBJC_ISA_USAGE = YES_ERROR;
				CLANG_WARN_EMPTY_BODY = YES;
				CLANG_WARN_ENUM_CONVERSION = YES;
				CLANG_WARN_INT_CONVERSION = YES;
				CLANG_WARN_OBJC_ROOT_CLASS = YES_ERROR;
				CLANG_WARN_UNREACHABLE_CODE = YES;
				CLANG_WARN__DUPLICATE_METHOD_MATCH = YES;
				"CODE_SIGN_IDENTITY[sdk=iphoneos*]" = "iPhone Developer";
				COPY_PHASE_STRIP = NO;
				DEBUG_INFORMATION_FORMAT = dwarf;
				ENABLE_STRICT_OBJC_MSGSEND = YES;
				ENABLE_TESTABILITY = YES;
				GCC_C_LANGUAGE_STANDARD = gnu99;
				GCC_DYNAMIC_NO_PIC = NO;
				GCC_NO_COMMON_BLOCKS = YES;
				GCC_OPTIMIZATION_LEVEL = 0;
				GCC_PREPROCESSOR_DEFINITIONS = (
					"DEBUG=1",
					"$(inherited)",
				);
				GCC_WARN_64_TO_32_BIT_CONVERSION = YES;
				GCC_WARN_ABOUT_RETURN_TYPE = YES_ERROR;
				GCC_WARN_UNDECLARED_SELECTOR = YES;
				GCC_WARN_UNINITIALIZED_AUTOS = YES_AGGRESSIVE;
				GCC_WARN_UNUSED_FUNCTION = YES;
				GCC_WARN_UNUSED_VARIABLE = YES;
				IPHONEOS_DEPLOYMENT_TARGET = 9.2;
				MTL_ENABLE_DEBUG_INFO = YES;
				ONLY_ACTIVE_ARCH = YES;
				SDKROOT = iphoneos;
				SWIFT_OPTIMIZATION_LEVEL = "-Onone";
				TARGETED_DEVICE_FAMILY = "1,2";
			};
			name = Debug;
		};
		F1B134401C84CC9F00CF48AE /* Release */ = {
			isa = XCBuildConfiguration;
			buildSettings = {
				ALWAYS_SEARCH_USER_PATHS = NO;
				CLANG_CXX_LANGUAGE_STANDARD = "gnu++0x";
				CLANG_CXX_LIBRARY = "libc++";
				CLANG_ENABLE_MODULES = YES;
				CLANG_ENABLE_OBJC_ARC = YES;
				CLANG_WARN_BOOL_CONVERSION = YES;
				CLANG_WARN_CONSTANT_CONVERSION = YES;
				CLANG_WARN_DIRECT_OBJC_ISA_USAGE = YES_ERROR;
				CLANG_WARN_EMPTY_BODY = YES;
				CLANG_WARN_ENUM_CONVERSION = YES;
				CLANG_WARN_INT_CONVERSION = YES;
				CLANG_WARN_OBJC_ROOT_CLASS = YES_ERROR;
				CLANG_WARN_UNREACHABLE_CODE = YES;
				CLANG_WARN__DUPLICATE_METHOD_MATCH = YES;
				"CODE_SIGN_IDENTITY[sdk=iphoneos*]" = "iPhone Developer";
				COPY_PHASE_STRIP = NO;
				DEBUG_INFORMATION_FORMAT = "dwarf-with-dsym";
				ENABLE_NS_ASSERTIONS = NO;
				ENABLE_STRICT_OBJC_MSGSEND = YES;
				GCC_C_LANGUAGE_STANDARD = gnu99;
				GCC_NO_COMMON_BLOCKS = YES;
				GCC_WARN_64_TO_32_BIT_CONVERSION = YES;
				GCC_WARN_ABOUT_RETURN_TYPE = YES_ERROR;
				GCC_WARN_UNDECLARED_SELECTOR = YES;
				GCC_WARN_UNINITIALIZED_AUTOS = YES_AGGRESSIVE;
				GCC_WARN_UNUSED_FUNCTION = YES;
				GCC_WARN_UNUSED_VARIABLE = YES;
				IPHONEOS_DEPLOYMENT_TARGET = 9.2;
				MTL_ENABLE_DEBUG_INFO = NO;
				SDKROOT = iphoneos;
				TARGETED_DEVICE_FAMILY = "1,2";
				VALIDATE_PRODUCT = YES;
			};
			name = Release;
		};
		F1B134421C84CC9F00CF48AE /* Debug */ = {
			isa = XCBuildConfiguration;
			buildSettings = {
				ASSETCATALOG_COMPILER_APPICON_NAME = AppIcon;
				INFOPLIST_FILE = VOSForecast/Info.plist;
				LD_RUNPATH_SEARCH_PATHS = "$(inherited) @executable_path/Frameworks";
				PRODUCT_BUNDLE_IDENTIFIER = com.vjosullivan.VOSForecast;
				PRODUCT_NAME = "$(TARGET_NAME)";
			};
			name = Debug;
		};
		F1B134431C84CC9F00CF48AE /* Release */ = {
			isa = XCBuildConfiguration;
			buildSettings = {
				ASSETCATALOG_COMPILER_APPICON_NAME = AppIcon;
				INFOPLIST_FILE = VOSForecast/Info.plist;
				LD_RUNPATH_SEARCH_PATHS = "$(inherited) @executable_path/Frameworks";
				PRODUCT_BUNDLE_IDENTIFIER = com.vjosullivan.VOSForecast;
				PRODUCT_NAME = "$(TARGET_NAME)";
			};
			name = Release;
		};
		F1B134451C84CC9F00CF48AE /* Debug */ = {
			isa = XCBuildConfiguration;
			buildSettings = {
				BUNDLE_LOADER = "$(TEST_HOST)";
				INFOPLIST_FILE = VOSForecastTests/Info.plist;
				LD_RUNPATH_SEARCH_PATHS = "$(inherited) @executable_path/Frameworks @loader_path/Frameworks";
				PRODUCT_BUNDLE_IDENTIFIER = com.vjosullivan.VOSForecastTests;
				PRODUCT_NAME = "$(TARGET_NAME)";
				TEST_HOST = "$(BUILT_PRODUCTS_DIR)/VOSForecast.app/VOSForecast";
			};
			name = Debug;
		};
		F1B134461C84CC9F00CF48AE /* Release */ = {
			isa = XCBuildConfiguration;
			buildSettings = {
				BUNDLE_LOADER = "$(TEST_HOST)";
				INFOPLIST_FILE = VOSForecastTests/Info.plist;
				LD_RUNPATH_SEARCH_PATHS = "$(inherited) @executable_path/Frameworks @loader_path/Frameworks";
				PRODUCT_BUNDLE_IDENTIFIER = com.vjosullivan.VOSForecastTests;
				PRODUCT_NAME = "$(TARGET_NAME)";
				TEST_HOST = "$(BUILT_PRODUCTS_DIR)/VOSForecast.app/VOSForecast";
			};
			name = Release;
		};
/* End XCBuildConfiguration section */

/* Begin XCConfigurationList section */
		F1B1341F1C84CC9600CF48AE /* Build configuration list for PBXProject "VOSForecast" */ = {
			isa = XCConfigurationList;
			buildConfigurations = (
				F1B1343F1C84CC9F00CF48AE /* Debug */,
				F1B134401C84CC9F00CF48AE /* Release */,
			);
			defaultConfigurationIsVisible = 0;
			defaultConfigurationName = Release;
		};
		F1B134411C84CC9F00CF48AE /* Build configuration list for PBXNativeTarget "VOSForecast" */ = {
			isa = XCConfigurationList;
			buildConfigurations = (
				F1B134421C84CC9F00CF48AE /* Debug */,
				F1B134431C84CC9F00CF48AE /* Release */,
			);
			defaultConfigurationIsVisible = 0;
			defaultConfigurationName = Release;
		};
		F1B134441C84CC9F00CF48AE /* Build configuration list for PBXNativeTarget "VOSForecastTests" */ = {
			isa = XCConfigurationList;
			buildConfigurations = (
				F1B134451C84CC9F00CF48AE /* Debug */,
				F1B134461C84CC9F00CF48AE /* Release */,
			);
			defaultConfigurationIsVisible = 0;
			defaultConfigurationName = Release;
		};
/* End XCConfigurationList section */
	};
	rootObject = F1B1341C1C84CC9600CF48AE /* Project object */;
}
